
Microsoft Visual Studio Solution File, Format Version 12.00
# Visual Studio Version 17
VisualStudioVersion = 17.1.32421.90
MinimumVisualStudioVersion = 10.0.40219.1
Project("{FAE04EC0-301F-11D3-BF4B-00C04F79EFBC}") = "ResimamisBackend", "ResimamisBackend.csproj", "{7D7DD98C-5CE0-40B0-9C99-63AFAB5BEC7B}"
EndProject
Global
	GlobalSection(SolutionConfigurationPlatforms) = preSolution
		Debug|Any CPU = Debug|Any CPU
		Release|Any CPU = Release|Any CPU
	EndGlobalSection
	GlobalSection(ProjectConfigurationPlatforms) = postSolution
		{7D7DD98C-5CE0-40B0-9C99-63AFAB5BEC7B}.Debug|Any CPU.ActiveCfg = Debug|Any CPU
		{7D7DD98C-5CE0-40B0-9C99-63AFAB5BEC7B}.Debug|Any CPU.Build.0 = Debug|Any CPU
		{7D7DD98C-5CE0-40B0-9C99-63AFAB5BEC7B}.Release|Any CPU.ActiveCfg = Release|Any CPU
		{7D7DD98C-5CE0-40B0-9C99-63AFAB5BEC7B}.Release|Any CPU.Build.0 = Release|Any CPU
	EndGlobalSection
	GlobalSection(SolutionProperties) = preSolution
		HideSolutionNode = FALSE
	EndGlobalSection
	GlobalSection(ExtensibilityGlobals) = postSolution
		SolutionGuid = {BF854318-26C0-4F30-92F0-5519D8E714D1}
	EndGlobalSection
EndGlobal
